
Microsoft Visual Studio Solution File, Format Version 12.00
# Visual Studio Version 16
VisualStudioVersion = 16.0.31702.278
MinimumVisualStudioVersion = 10.0.40219.1
Project("{9092AA53-FB77-4645-B42D-1CCCA6BD08BD}") = "tanuj1", "tanuj1\tanuj1.njsproj", "{239C8423-66B5-4CDA-9602-A8E34AE92A71}"
EndProject
Global
	GlobalSection(SolutionConfigurationPlatforms) = preSolution
		Debug|Any CPU = Debug|Any CPU
		Release|Any CPU = Release|Any CPU
	EndGlobalSection
	GlobalSection(ProjectConfigurationPlatforms) = postSolution
		{239C8423-66B5-4CDA-9602-A8E34AE92A71}.Debug|Any CPU.ActiveCfg = Debug|Any CPU
		{239C8423-66B5-4CDA-9602-A8E34AE92A71}.Debug|Any CPU.Build.0 = Debug|Any CPU
		{239C8423-66B5-4CDA-9602-A8E34AE92A71}.Release|Any CPU.ActiveCfg = Release|Any CPU
		{239C8423-66B5-4CDA-9602-A8E34AE92A71}.Release|Any CPU.Build.0 = Release|Any CPU
	EndGlobalSection
	GlobalSection(SolutionProperties) = preSolution
		HideSolutionNode = FALSE
	EndGlobalSection
	GlobalSection(ExtensibilityGlobals) = postSolution
		SolutionGuid = {CD3C79B9-9B8A-42C3-BF7F-13507D2894AB}
	EndGlobalSection
EndGlobal
